
Microsoft Visual Studio Solution File, Format Version 12.00
# Visual Studio Version 16
VisualStudioVersion = 16.0.30611.23
MinimumVisualStudioVersion = 10.0.40219.1
Project("{FAE04EC0-301F-11D3-BF4B-00C04F79EFBC}") = "BagageSortingAssignment", "BagageSortingAssignment\BagageSortingAssignment.csproj", "{87696714-FB59-4DE0-91DF-5DB7C0900D49}"
EndProject
Global
	GlobalSection(SolutionConfigurationPlatforms) = preSolution
		Debug|Any CPU = Debug|Any CPU
		Release|Any CPU = Release|Any CPU
	EndGlobalSection
	GlobalSection(ProjectConfigurationPlatforms) = postSolution
		{87696714-FB59-4DE0-91DF-5DB7C0900D49}.Debug|Any CPU.ActiveCfg = Debug|Any CPU
		{87696714-FB59-4DE0-91DF-5DB7C0900D49}.Debug|Any CPU.Build.0 = Debug|Any CPU
		{87696714-FB59-4DE0-91DF-5DB7C0900D49}.Release|Any CPU.ActiveCfg = Release|Any CPU
		{87696714-FB59-4DE0-91DF-5DB7C0900D49}.Release|Any CPU.Build.0 = Release|Any CPU
	EndGlobalSection
	GlobalSection(SolutionProperties) = preSolution
		HideSolutionNode = FALSE
	EndGlobalSection
	GlobalSection(ExtensibilityGlobals) = postSolution
		SolutionGuid = {62458BCA-3450-4F21-9924-BE1E43E3711F}
	EndGlobalSection
EndGlobal
